// !$*UTF8*$!
{
	archiveVersion = 1;
	classes = {
	};
	objectVersion = 53;
	objects = {

/* Begin PBXBuildFile section */
		992E31D429A4FDC90078598A /* AccountButtons.swift in Sources */ = {isa = PBXBuildFile; fileRef = 992E31D329A4FDC90078598A /* AccountButtons.swift */; };
		992E31D629A501430078598A /* AccountView.swift in Sources */ = {isa = PBXBuildFile; fileRef = 992E31D529A501430078598A /* AccountView.swift */; };
		992E31D829A78AD90078598A /* HeartRate.swift in Sources */ = {isa = PBXBuildFile; fileRef = 992E31D729A78AD90078598A /* HeartRate.swift */; };
		997CA30A29A294F300A586EE /* RunningApp.swift in Sources */ = {isa = PBXBuildFile; fileRef = 997CA30929A294F300A586EE /* RunningApp.swift */; };
		997CA30E29A294F400A586EE /* Assets.xcassets in Resources */ = {isa = PBXBuildFile; fileRef = 997CA30D29A294F400A586EE /* Assets.xcassets */; };
		997CA31E29A2A10600A586EE /* RootView.swift in Sources */ = {isa = PBXBuildFile; fileRef = 997CA31D29A2A10600A586EE /* RootView.swift */; };
		997CA32029A2A11700A586EE /* MapView.swift in Sources */ = {isa = PBXBuildFile; fileRef = 997CA31F29A2A11700A586EE /* MapView.swift */; };
		997CA32229A2A12A00A586EE /* FloatingButtons.swift in Sources */ = {isa = PBXBuildFile; fileRef = 997CA32129A2A12A00A586EE /* FloatingButtons.swift */; };
		997CA32429A2A14200A586EE /* WorkoutBar.swift in Sources */ = {isa = PBXBuildFile; fileRef = 997CA32329A2A14200A586EE /* WorkoutBar.swift */; };
		997CA32729A2A15900A586EE /* ErrorView.swift in Sources */ = {isa = PBXBuildFile; fileRef = 997CA32629A2A15900A586EE /* ErrorView.swift */; };
		997CA32B29A2A19300A586EE /* PermissionView.swift in Sources */ = {isa = PBXBuildFile; fileRef = 997CA32A29A2A19300A586EE /* PermissionView.swift */; };
		997CA32D29A2A19F00A586EE /* InfoView.swift in Sources */ = {isa = PBXBuildFile; fileRef = 997CA32C29A2A19F00A586EE /* InfoView.swift */; };
		997CA32F29A2A1B700A586EE /* DraggableBar.swift in Sources */ = {isa = PBXBuildFile; fileRef = 997CA32E29A2A1B700A586EE /* DraggableBar.swift */; };
		997CA33129A2A1E100A586EE /* DismissCross.swift in Sources */ = {isa = PBXBuildFile; fileRef = 997CA33029A2A1E100A586EE /* DismissCross.swift */; };
		997CA33329A2A1FF00A586EE /* ShareView.swift in Sources */ = {isa = PBXBuildFile; fileRef = 997CA33229A2A1FF00A586EE /* ShareView.swift */; };
		997CA33529A2A21400A586EE /* Row.swift in Sources */ = {isa = PBXBuildFile; fileRef = 997CA33429A2A21400A586EE /* Row.swift */; };
		997CA33729A2A22100A586EE /* View.swift in Sources */ = {isa = PBXBuildFile; fileRef = 997CA33629A2A22100A586EE /* View.swift */; };
		997CA33929A2A23B00A586EE /* Blur.swift in Sources */ = {isa = PBXBuildFile; fileRef = 997CA33829A2A23B00A586EE /* Blur.swift */; };
		997CA33B29A2A25A00A586EE /* ViewModel.swift in Sources */ = {isa = PBXBuildFile; fileRef = 997CA33A29A2A25A00A586EE /* ViewModel.swift */; };
		997CA33D29A2A26600A586EE /* Workout.swift in Sources */ = {isa = PBXBuildFile; fileRef = 997CA33C29A2A26600A586EE /* Workout.swift */; };
		997CA33F29A2A27B00A586EE /* WorkoutType.swift in Sources */ = {isa = PBXBuildFile; fileRef = 997CA33E29A2A27B00A586EE /* WorkoutType.swift */; };
		997CA34129A2A29100A586EE /* WorkoutFilter.swift in Sources */ = {isa = PBXBuildFile; fileRef = 997CA34029A2A29100A586EE /* WorkoutFilter.swift */; };
		997CA34329A2A2A100A586EE /* MyMapError.swift in Sources */ = {isa = PBXBuildFile; fileRef = 997CA34229A2A2A100A586EE /* MyMapError.swift */; };
		997CA34529A2A2C300A586EE /* HKHelper.swift in Sources */ = {isa = PBXBuildFile; fileRef = 997CA34429A2A2C300A586EE /* HKHelper.swift */; };
		997CA34729A2A2DA00A586EE /* Emails.swift in Sources */ = {isa = PBXBuildFile; fileRef = 997CA34629A2A2DA00A586EE /* Emails.swift */; };
		997CA34D29A2A30900A586EE /* Haptics.swift in Sources */ = {isa = PBXBuildFile; fileRef = 997CA34C29A2A30900A586EE /* Haptics.swift */; };
		997CA34F29A2A31F00A586EE /* CLLocationCoordinate2D.swift in Sources */ = {isa = PBXBuildFile; fileRef = 997CA34E29A2A31F00A586EE /* CLLocationCoordinate2D.swift */; };
		997CA35129A2A33200A586EE /* CLLocation.swift in Sources */ = {isa = PBXBuildFile; fileRef = 997CA35029A2A33200A586EE /* CLLocation.swift */; };
		997CA35329A2A34300A586EE /* Date.swift in Sources */ = {isa = PBXBuildFile; fileRef = 997CA35229A2A34300A586EE /* Date.swift */; };
		997CA35529A2A35300A586EE /* Collection.swift in Sources */ = {isa = PBXBuildFile; fileRef = 997CA35429A2A35300A586EE /* Collection.swift */; };
		997CA35829A2ABF000A586EE /* HealthKit.framework in Frameworks */ = {isa = PBXBuildFile; fileRef = 997CA35729A2ABF000A586EE /* HealthKit.framework */; };
		99FBCDB529ABE25A0030DF25 /* HeartRateView.swift in Sources */ = {isa = PBXBuildFile; fileRef = 99FBCDB429ABE25A0030DF25 /* HeartRateView.swift */; };
		99FBCDB729ABEDEE0030DF25 /* RunListView.swift in Sources */ = {isa = PBXBuildFile; fileRef = 99FBCDB629ABEDEE0030DF25 /* RunListView.swift */; };
/* End PBXBuildFile section */

/* Begin PBXFileReference section */
		992E31D329A4FDC90078598A /* AccountButtons.swift */ = {isa = PBXFileReference; lastKnownFileType = sourcecode.swift; path = AccountButtons.swift; sourceTree = "<group>"; };
		992E31D529A501430078598A /* AccountView.swift */ = {isa = PBXFileReference; lastKnownFileType = sourcecode.swift; path = AccountView.swift; sourceTree = "<group>"; };
		992E31D729A78AD90078598A /* HeartRate.swift */ = {isa = PBXFileReference; lastKnownFileType = sourcecode.swift; path = HeartRate.swift; sourceTree = "<group>"; };
		997CA30629A294F300A586EE /* Running.app */ = {isa = PBXFileReference; explicitFileType = wrapper.application; includeInIndex = 0; path = Running.app; sourceTree = BUILT_PRODUCTS_DIR; };
		997CA30929A294F300A586EE /* RunningApp.swift */ = {isa = PBXFileReference; lastKnownFileType = sourcecode.swift; path = RunningApp.swift; sourceTree = "<group>"; };
		997CA30D29A294F400A586EE /* Assets.xcassets */ = {isa = PBXFileReference; lastKnownFileType = folder.assetcatalog; path = Assets.xcassets; sourceTree = "<group>"; };
		997CA31D29A2A10600A586EE /* RootView.swift */ = {isa = PBXFileReference; lastKnownFileType = sourcecode.swift; path = RootView.swift; sourceTree = "<group>"; };
		997CA31F29A2A11700A586EE /* MapView.swift */ = {isa = PBXFileReference; lastKnownFileType = sourcecode.swift; path = MapView.swift; sourceTree = "<group>"; };
		997CA32129A2A12A00A586EE /* FloatingButtons.swift */ = {isa = PBXFileReference; lastKnownFileType = sourcecode.swift; path = FloatingButtons.swift; sourceTree = "<group>"; };
		997CA32329A2A14200A586EE /* WorkoutBar.swift */ = {isa = PBXFileReference; lastKnownFileType = sourcecode.swift; path = WorkoutBar.swift; sourceTree = "<group>"; };
		997CA32629A2A15900A586EE /* ErrorView.swift */ = {isa = PBXFileReference; lastKnownFileType = sourcecode.swift; path = ErrorView.swift; sourceTree = "<group>"; };
		997CA32A29A2A19300A586EE /* PermissionView.swift */ = {isa = PBXFileReference; lastKnownFileType = sourcecode.swift; path = PermissionView.swift; sourceTree = "<group>"; };
		997CA32C29A2A19F00A586EE /* InfoView.swift */ = {isa = PBXFileReference; lastKnownFileType = sourcecode.swift; path = InfoView.swift; sourceTree = "<group>"; };
		997CA32E29A2A1B700A586EE /* DraggableBar.swift */ = {isa = PBXFileReference; lastKnownFileType = sourcecode.swift; path = DraggableBar.swift; sourceTree = "<group>"; };
		997CA33029A2A1E100A586EE /* DismissCross.swift */ = {isa = PBXFileReference; lastKnownFileType = sourcecode.swift; path = DismissCross.swift; sourceTree = "<group>"; };
		997CA33229A2A1FF00A586EE /* ShareView.swift */ = {isa = PBXFileReference; lastKnownFileType = sourcecode.swift; path = ShareView.swift; sourceTree = "<group>"; };
		997CA33429A2A21400A586EE /* Row.swift */ = {isa = PBXFileReference; lastKnownFileType = sourcecode.swift; path = Row.swift; sourceTree = "<group>"; };
		997CA33629A2A22100A586EE /* View.swift */ = {isa = PBXFileReference; lastKnownFileType = sourcecode.swift; path = View.swift; sourceTree = "<group>"; };
		997CA33829A2A23B00A586EE /* Blur.swift */ = {isa = PBXFileReference; lastKnownFileType = sourcecode.swift; path = Blur.swift; sourceTree = "<group>"; };
		997CA33A29A2A25A00A586EE /* ViewModel.swift */ = {isa = PBXFileReference; lastKnownFileType = sourcecode.swift; path = ViewModel.swift; sourceTree = "<group>"; };
		997CA33C29A2A26600A586EE /* Workout.swift */ = {isa = PBXFileReference; lastKnownFileType = sourcecode.swift; path = Workout.swift; sourceTree = "<group>"; };
		997CA33E29A2A27B00A586EE /* WorkoutType.swift */ = {isa = PBXFileReference; lastKnownFileType = sourcecode.swift; path = WorkoutType.swift; sourceTree = "<group>"; };
		997CA34029A2A29100A586EE /* WorkoutFilter.swift */ = {isa = PBXFileReference; lastKnownFileType = sourcecode.swift; path = WorkoutFilter.swift; sourceTree = "<group>"; };
		997CA34229A2A2A100A586EE /* MyMapError.swift */ = {isa = PBXFileReference; lastKnownFileType = sourcecode.swift; path = MyMapError.swift; sourceTree = "<group>"; };
		997CA34429A2A2C300A586EE /* HKHelper.swift */ = {isa = PBXFileReference; lastKnownFileType = sourcecode.swift; path = HKHelper.swift; sourceTree = "<group>"; };
		997CA34629A2A2DA00A586EE /* Emails.swift */ = {isa = PBXFileReference; lastKnownFileType = sourcecode.swift; path = Emails.swift; sourceTree = "<group>"; };
		997CA34C29A2A30900A586EE /* Haptics.swift */ = {isa = PBXFileReference; lastKnownFileType = sourcecode.swift; path = Haptics.swift; sourceTree = "<group>"; };
		997CA34E29A2A31F00A586EE /* CLLocationCoordinate2D.swift */ = {isa = PBXFileReference; lastKnownFileType = sourcecode.swift; path = CLLocationCoordinate2D.swift; sourceTree = "<group>"; };
		997CA35029A2A33200A586EE /* CLLocation.swift */ = {isa = PBXFileReference; lastKnownFileType = sourcecode.swift; path = CLLocation.swift; sourceTree = "<group>"; };
		997CA35229A2A34300A586EE /* Date.swift */ = {isa = PBXFileReference; lastKnownFileType = sourcecode.swift; path = Date.swift; sourceTree = "<group>"; };
		997CA35429A2A35300A586EE /* Collection.swift */ = {isa = PBXFileReference; lastKnownFileType = sourcecode.swift; path = Collection.swift; sourceTree = "<group>"; };
		997CA35729A2ABF000A586EE /* HealthKit.framework */ = {isa = PBXFileReference; lastKnownFileType = wrapper.framework; name = HealthKit.framework; path = System/Library/Frameworks/HealthKit.framework; sourceTree = SDKROOT; };
		997CA35A29A2BC0100A586EE /* MapKit.framework */ = {isa = PBXFileReference; lastKnownFileType = wrapper.framework; name = MapKit.framework; path = System/Library/Frameworks/MapKit.framework; sourceTree = SDKROOT; };
		99FBCDB429ABE25A0030DF25 /* HeartRateView.swift */ = {isa = PBXFileReference; lastKnownFileType = sourcecode.swift; path = HeartRateView.swift; sourceTree = "<group>"; };
		99FBCDB629ABEDEE0030DF25 /* RunListView.swift */ = {isa = PBXFileReference; lastKnownFileType = sourcecode.swift; path = RunListView.swift; sourceTree = "<group>"; };
/* End PBXFileReference section */

/* Begin PBXFrameworksBuildPhase section */
		997CA30329A294F300A586EE /* Frameworks */ = {
			isa = PBXFrameworksBuildPhase;
			buildActionMask = 2147483647;
			files = (
				997CA35829A2ABF000A586EE /* HealthKit.framework in Frameworks */,
			);
			runOnlyForDeploymentPostprocessing = 0;
		};
/* End PBXFrameworksBuildPhase section */

/* Begin PBXGroup section */
		997CA2FD29A294F300A586EE = {
			isa = PBXGroup;
			children = (
				997CA30829A294F300A586EE /* Running */,
				997CA30729A294F300A586EE /* Products */,
				997CA35629A2ABEF00A586EE /* Frameworks */,
			);
			sourceTree = "<group>";
		};
		997CA30729A294F300A586EE /* Products */ = {
			isa = PBXGroup;
			children = (
				997CA30629A294F300A586EE /* Running.app */,
			);
			name = Products;
			sourceTree = "<group>";
		};
		997CA30829A294F300A586EE /* Running */ = {
			isa = PBXGroup;
			children = (
				997CA30929A294F300A586EE /* RunningApp.swift */,
				997CA30D29A294F400A586EE /* Assets.xcassets */,
				997CA31929A2A08900A586EE /* View */,
				997CA31A29A2A09700A586EE /* Models */,
				997CA31B29A2A0B700A586EE /* Helper */,
				997CA31C29A2A0CA00A586EE /* Extensions */,
			);
			path = Running;
			sourceTree = "<group>";
		};
		997CA31929A2A08900A586EE /* View */ = {
			isa = PBXGroup;
			children = (
				997CA31D29A2A10600A586EE /* RootView.swift */,
				997CA31F29A2A11700A586EE /* MapView.swift */,
				997CA32129A2A12A00A586EE /* FloatingButtons.swift */,
				997CA32329A2A14200A586EE /* WorkoutBar.swift */,
				992E31D329A4FDC90078598A /* AccountButtons.swift */,
				997CA32529A2A14800A586EE /* Extra */,
			);
			path = View;
			sourceTree = "<group>";
		};
		997CA31A29A2A09700A586EE /* Models */ = {
			isa = PBXGroup;
			children = (
				997CA33A29A2A25A00A586EE /* ViewModel.swift */,
				992E31D729A78AD90078598A /* HeartRate.swift */,
				997CA33C29A2A26600A586EE /* Workout.swift */,
				997CA33E29A2A27B00A586EE /* WorkoutType.swift */,
				997CA34029A2A29100A586EE /* WorkoutFilter.swift */,
				997CA34229A2A2A100A586EE /* MyMapError.swift */,
			);
			path = Models;
			sourceTree = "<group>";
		};
		997CA31B29A2A0B700A586EE /* Helper */ = {
			isa = PBXGroup;
			children = (
				997CA34429A2A2C300A586EE /* HKHelper.swift */,
				997CA34629A2A2DA00A586EE /* Emails.swift */,
				997CA34C29A2A30900A586EE /* Haptics.swift */,
			);
			path = Helper;
			sourceTree = "<group>";
		};
		997CA31C29A2A0CA00A586EE /* Extensions */ = {
			isa = PBXGroup;
			children = (
				997CA34E29A2A31F00A586EE /* CLLocationCoordinate2D.swift */,
				997CA35229A2A34300A586EE /* Date.swift */,
				997CA35029A2A33200A586EE /* CLLocation.swift */,
				997CA35429A2A35300A586EE /* Collection.swift */,
			);
			path = Extensions;
			sourceTree = "<group>";
		};
		997CA32529A2A14800A586EE /* Extra */ = {
			isa = PBXGroup;
			children = (
				992E31D529A501430078598A /* AccountView.swift */,
				99FBCDB629ABEDEE0030DF25 /* RunListView.swift */,
				99FBCDB429ABE25A0030DF25 /* HeartRateView.swift */,
				997CA32629A2A15900A586EE /* ErrorView.swift */,
				997CA32A29A2A19300A586EE /* PermissionView.swift */,
				997CA32C29A2A19F00A586EE /* InfoView.swift */,
				997CA32E29A2A1B700A586EE /* DraggableBar.swift */,
				997CA33229A2A1FF00A586EE /* ShareView.swift */,
				997CA33029A2A1E100A586EE /* DismissCross.swift */,
				997CA33429A2A21400A586EE /* Row.swift */,
				997CA33629A2A22100A586EE /* View.swift */,
				997CA33829A2A23B00A586EE /* Blur.swift */,
			);
			path = Extra;
			sourceTree = "<group>";
		};
		997CA35629A2ABEF00A586EE /* Frameworks */ = {
			isa = PBXGroup;
			children = (
				997CA35A29A2BC0100A586EE /* MapKit.framework */,
				997CA35729A2ABF000A586EE /* HealthKit.framework */,
			);
			name = Frameworks;
			sourceTree = "<group>";
		};
/* End PBXGroup section */

/* Begin PBXNativeTarget section */
		997CA30529A294F300A586EE /* Running */ = {
			isa = PBXNativeTarget;
			buildConfigurationList = 997CA31429A294F400A586EE /* Build configuration list for PBXNativeTarget "Running" */;
			buildPhases = (
				997CA30229A294F300A586EE /* Sources */,
				997CA30329A294F300A586EE /* Frameworks */,
				997CA30429A294F300A586EE /* Resources */,
			);
			buildRules = (
			);
			dependencies = (
			);
			name = Running;
			productName = Running;
			productReference = 997CA30629A294F300A586EE /* Running.app */;
			productType = "com.apple.product-type.application";
		};
/* End PBXNativeTarget section */

/* Begin PBXProject section */
		997CA2FE29A294F300A586EE /* Project object */ = {
			isa = PBXProject;
			attributes = {
				BuildIndependentTargetsInParallel = 1;
				LastSwiftUpdateCheck = 1420;
				LastUpgradeCheck = 1420;
				TargetAttributes = {
					997CA30529A294F300A586EE = {
						CreatedOnToolsVersion = 14.2;
					};
				};
			};
			buildConfigurationList = 997CA30129A294F300A586EE /* Build configuration list for PBXProject "Running" */;
			compatibilityVersion = "Xcode 9.3";
			developmentRegion = en;
			hasScannedForEncodings = 0;
			knownRegions = (
				en,
				Base,
			);
			mainGroup = 997CA2FD29A294F300A586EE;
			productRefGroup = 997CA30729A294F300A586EE /* Products */;
			projectDirPath = "";
			projectRoot = "";
			targets = (
				997CA30529A294F300A586EE /* Running */,
			);
		};
/* End PBXProject section */

/* Begin PBXResourcesBuildPhase section */
		997CA30429A294F300A586EE /* Resources */ = {
			isa = PBXResourcesBuildPhase;
			buildActionMask = 2147483647;
			files = (
				997CA30E29A294F400A586EE /* Assets.xcassets in Resources */,
			);
			runOnlyForDeploymentPostprocessing = 0;
		};
/* End PBXResourcesBuildPhase section */

/* Begin PBXSourcesBuildPhase section */
		997CA30229A294F300A586EE /* Sources */ = {
			isa = PBXSourcesBuildPhase;
			buildActionMask = 2147483647;
			files = (
				997CA33329A2A1FF00A586EE /* ShareView.swift in Sources */,
				997CA32229A2A12A00A586EE /* FloatingButtons.swift in Sources */,
				99FBCDB729ABEDEE0030DF25 /* RunListView.swift in Sources */,
				997CA34F29A2A31F00A586EE /* CLLocationCoordinate2D.swift in Sources */,
				997CA33529A2A21400A586EE /* Row.swift in Sources */,
				992E31D629A501430078598A /* AccountView.swift in Sources */,
				99FBCDB529ABE25A0030DF25 /* HeartRateView.swift in Sources */,
				997CA32029A2A11700A586EE /* MapView.swift in Sources */,
				997CA34329A2A2A100A586EE /* MyMapError.swift in Sources */,
				992E31D829A78AD90078598A /* HeartRate.swift in Sources */,
				992E31D429A4FDC90078598A /* AccountButtons.swift in Sources */,
				997CA32B29A2A19300A586EE /* PermissionView.swift in Sources */,
				997CA35529A2A35300A586EE /* Collection.swift in Sources */,
				997CA35129A2A33200A586EE /* CLLocation.swift in Sources */,
				997CA33B29A2A25A00A586EE /* ViewModel.swift in Sources */,
				997CA33F29A2A27B00A586EE /* WorkoutType.swift in Sources */,
				997CA30A29A294F300A586EE /* RunningApp.swift in Sources */,
				997CA32729A2A15900A586EE /* ErrorView.swift in Sources */,
				997CA34529A2A2C300A586EE /* HKHelper.swift in Sources */,
				997CA34729A2A2DA00A586EE /* Emails.swift in Sources */,
				997CA33129A2A1E100A586EE /* DismissCross.swift in Sources */,
				997CA31E29A2A10600A586EE /* RootView.swift in Sources */,
				997CA32D29A2A19F00A586EE /* InfoView.swift in Sources */,
				997CA32F29A2A1B700A586EE /* DraggableBar.swift in Sources */,
				997CA33929A2A23B00A586EE /* Blur.swift in Sources */,
				997CA33729A2A22100A586EE /* View.swift in Sources */,
				997CA35329A2A34300A586EE /* Date.swift in Sources */,
				997CA33D29A2A26600A586EE /* Workout.swift in Sources */,
				997CA34D29A2A30900A586EE /* Haptics.swift in Sources */,
				997CA32429A2A14200A586EE /* WorkoutBar.swift in Sources */,
				997CA34129A2A29100A586EE /* WorkoutFilter.swift in Sources */,
			);
			runOnlyForDeploymentPostprocessing = 0;
		};
/* End PBXSourcesBuildPhase section */

/* Begin XCBuildConfiguration section */
		997CA31229A294F400A586EE /* Debug */ = {
			isa = XCBuildConfiguration;
			buildSettings = {
				ALWAYS_SEARCH_USER_PATHS = NO;
				CLANG_ANALYZER_NONNULL = YES;
				CLANG_ANALYZER_NUMBER_OBJECT_CONVERSION = YES_AGGRESSIVE;
				CLANG_CXX_LANGUAGE_STANDARD = "gnu++20";
				CLANG_ENABLE_MODULES = YES;
				CLANG_ENABLE_OBJC_ARC = YES;
				CLANG_ENABLE_OBJC_WEAK = YES;
				CLANG_WARN_BLOCK_CAPTURE_AUTORELEASING = YES;
				CLANG_WARN_BOOL_CONVERSION = YES;
				CLANG_WARN_COMMA = YES;
				CLANG_WARN_CONSTANT_CONVERSION = YES;
				CLANG_WARN_DEPRECATED_OBJC_IMPLEMENTATIONS = YES;
				CLANG_WARN_DIRECT_OBJC_ISA_USAGE = YES_ERROR;
				CLANG_WARN_DOCUMENTATION_COMMENTS = YES;
				CLANG_WARN_EMPTY_BODY = YES;
				CLANG_WARN_ENUM_CONVERSION = YES;
				CLANG_WARN_INFINITE_RECURSION = YES;
				CLANG_WARN_INT_CONVERSION = YES;
				CLANG_WARN_NON_LITERAL_NULL_CONVERSION = YES;
				CLANG_WARN_OBJC_IMPLICIT_RETAIN_SELF = YES;
				CLANG_WARN_OBJC_LITERAL_CONVERSION = YES;
				CLANG_WARN_OBJC_ROOT_CLASS = YES_ERROR;
				CLANG_WARN_QUOTED_INCLUDE_IN_FRAMEWORK_HEADER = YES;
				CLANG_WARN_RANGE_LOOP_ANALYSIS = YES;
				CLANG_WARN_STRICT_PROTOTYPES = YES;
				CLANG_WARN_SUSPICIOUS_MOVE = YES;
				CLANG_WARN_UNGUARDED_AVAILABILITY = YES_AGGRESSIVE;
				CLANG_WARN_UNREACHABLE_CODE = YES;
				CLANG_WARN__DUPLICATE_METHOD_MATCH = YES;
				COPY_PHASE_STRIP = NO;
				DEBUG_INFORMATION_FORMAT = dwarf;
				ENABLE_STRICT_OBJC_MSGSEND = YES;
				ENABLE_TESTABILITY = YES;
				GCC_C_LANGUAGE_STANDARD = gnu11;
				GCC_DYNAMIC_NO_PIC = NO;
				GCC_NO_COMMON_BLOCKS = YES;
				GCC_OPTIMIZATION_LEVEL = 0;
				GCC_PREPROCESSOR_DEFINITIONS = (
					"DEBUG=1",
					"$(inherited)",
				);
				GCC_WARN_64_TO_32_BIT_CONVERSION = YES;
				GCC_WARN_ABOUT_RETURN_TYPE = YES_ERROR;
				GCC_WARN_UNDECLARED_SELECTOR = YES;
				GCC_WARN_UNINITIALIZED_AUTOS = YES_AGGRESSIVE;
				GCC_WARN_UNUSED_FUNCTION = YES;
				GCC_WARN_UNUSED_VARIABLE = YES;
				IPHONEOS_DEPLOYMENT_TARGET = 14.4;
				MTL_ENABLE_DEBUG_INFO = INCLUDE_SOURCE;
				MTL_FAST_MATH = YES;
				ONLY_ACTIVE_ARCH = YES;
				SDKROOT = iphoneos;
				SWIFT_ACTIVE_COMPILATION_CONDITIONS = DEBUG;
				SWIFT_OPTIMIZATION_LEVEL = "-Onone";
			};
			name = Debug;
		};
		997CA31329A294F400A586EE /* Release */ = {
			isa = XCBuildConfiguration;
			buildSettings = {
				ALWAYS_SEARCH_USER_PATHS = NO;
				CLANG_ANALYZER_NONNULL = YES;
				CLANG_ANALYZER_NUMBER_OBJECT_CONVERSION = YES_AGGRESSIVE;
				CLANG_CXX_LANGUAGE_STANDARD = "gnu++20";
				CLANG_ENABLE_MODULES = YES;
				CLANG_ENABLE_OBJC_ARC = YES;
				CLANG_ENABLE_OBJC_WEAK = YES;
				CLANG_WARN_BLOCK_CAPTURE_AUTORELEASING = YES;
				CLANG_WARN_BOOL_CONVERSION = YES;
				CLANG_WARN_COMMA = YES;
				CLANG_WARN_CONSTANT_CONVERSION = YES;
				CLANG_WARN_DEPRECATED_OBJC_IMPLEMENTATIONS = YES;
				CLANG_WARN_DIRECT_OBJC_ISA_USAGE = YES_ERROR;
				CLANG_WARN_DOCUMENTATION_COMMENTS = YES;
				CLANG_WARN_EMPTY_BODY = YES;
				CLANG_WARN_ENUM_CONVERSION = YES;
				CLANG_WARN_INFINITE_RECURSION = YES;
				CLANG_WARN_INT_CONVERSION = YES;
				CLANG_WARN_NON_LITERAL_NULL_CONVERSION = YES;
				CLANG_WARN_OBJC_IMPLICIT_RETAIN_SELF = YES;
				CLANG_WARN_OBJC_LITERAL_CONVERSION = YES;
				CLANG_WARN_OBJC_ROOT_CLASS = YES_ERROR;
				CLANG_WARN_QUOTED_INCLUDE_IN_FRAMEWORK_HEADER = YES;
				CLANG_WARN_RANGE_LOOP_ANALYSIS = YES;
				CLANG_WARN_STRICT_PROTOTYPES = YES;
				CLANG_WARN_SUSPICIOUS_MOVE = YES;
				CLANG_WARN_UNGUARDED_AVAILABILITY = YES_AGGRESSIVE;
				CLANG_WARN_UNREACHABLE_CODE = YES;
				CLANG_WARN__DUPLICATE_METHOD_MATCH = YES;
				COPY_PHASE_STRIP = NO;
				DEBUG_INFORMATION_FORMAT = "dwarf-with-dsym";
				ENABLE_NS_ASSERTIONS = NO;
				ENABLE_STRICT_OBJC_MSGSEND = YES;
				GCC_C_LANGUAGE_STANDARD = gnu11;
				GCC_NO_COMMON_BLOCKS = YES;
				GCC_WARN_64_TO_32_BIT_CONVERSION = YES;
				GCC_WARN_ABOUT_RETURN_TYPE = YES_ERROR;
				GCC_WARN_UNDECLARED_SELECTOR = YES;
				GCC_WARN_UNINITIALIZED_AUTOS = YES_AGGRESSIVE;
				GCC_WARN_UNUSED_FUNCTION = YES;
				GCC_WARN_UNUSED_VARIABLE = YES;
				IPHONEOS_DEPLOYMENT_TARGET = 14.4;
				MTL_ENABLE_DEBUG_INFO = NO;
				MTL_FAST_MATH = YES;
				SDKROOT = iphoneos;
				SWIFT_COMPILATION_MODE = wholemodule;
				SWIFT_OPTIMIZATION_LEVEL = "-O";
				VALIDATE_PRODUCT = YES;
			};
			name = Release;
		};
		997CA31529A294F400A586EE /* Debug */ = {
			isa = XCBuildConfiguration;
			buildSettings = {
				ASSETCATALOG_COMPILER_APPICON_NAME = AppIcon;
				ASSETCATALOG_COMPILER_GLOBAL_ACCENT_COLOR_NAME = AccentColor;
				CODE_SIGN_ENTITLEMENTS = Running/Resources/Running.entitlements;
				CODE_SIGN_STYLE = Automatic;
				CURRENT_PROJECT_VERSION = 1;
				DEVELOPMENT_ASSET_PATHS = "";
				DEVELOPMENT_TEAM = US5S6B5FB6;
				ENABLE_PREVIEWS = YES;
				GENERATE_INFOPLIST_FILE = NO;
				INFOPLIST_FILE = Running/Resources/Info.plist;
				INFOPLIST_KEY_UIApplicationSceneManifest_Generation = NO;
				INFOPLIST_KEY_UIApplicationSupportsIndirectInputEvents = NO;
				INFOPLIST_KEY_UILaunchScreen_Generation = NO;
				INFOPLIST_KEY_UISupportedInterfaceOrientations = "UIInterfaceOrientationLandscapeLeft UIInterfaceOrientationLandscapeRight UIInterfaceOrientationPortrait UIInterfaceOrientationPortraitUpsideDown";
				IPHONEOS_DEPLOYMENT_TARGET = 15.0;
				LD_RUNPATH_SEARCH_PATHS = (
					"$(inherited)",
					"@executable_path/Frameworks",
				);
				MARKETING_VERSION = 1.0;
				PRODUCT_BUNDLE_IDENTIFIER = com.iutsd.Running;
				PRODUCT_NAME = "$(TARGET_NAME)";
				PROVISIONING_PROFILE_SPECIFIER = "";
				SUPPORTED_PLATFORMS = "iphoneos iphonesimulator";
				SUPPORTS_MACCATALYST = NO;
				SUPPORTS_MAC_DESIGNED_FOR_IPHONE_IPAD = YES;
				SWIFT_EMIT_LOC_STRINGS = NO;
				SWIFT_VERSION = 5.0;
				TARGETED_DEVICE_FAMILY = 1;
			};
			name = Debug;
		};
		997CA31629A294F400A586EE /* Release */ = {
			isa = XCBuildConfiguration;
			buildSettings = {
				ASSETCATALOG_COMPILER_APPICON_NAME = AppIcon;
				ASSETCATALOG_COMPILER_GLOBAL_ACCENT_COLOR_NAME = AccentColor;
				CODE_SIGN_ENTITLEMENTS = Running/Resources/Running.entitlements;
				CODE_SIGN_STYLE = Automatic;
				CURRENT_PROJECT_VERSION = 1;
				DEVELOPMENT_ASSET_PATHS = "";
				DEVELOPMENT_TEAM = US5S6B5FB6;
				ENABLE_PREVIEWS = YES;
				GENERATE_INFOPLIST_FILE = NO;
				INFOPLIST_FILE = Running/Resources/Info.plist;
				INFOPLIST_KEY_UIApplicationSceneManifest_Generation = NO;
				INFOPLIST_KEY_UIApplicationSupportsIndirectInputEvents = NO;
				INFOPLIST_KEY_UILaunchScreen_Generation = NO;
				INFOPLIST_KEY_UISupportedInterfaceOrientations = "UIInterfaceOrientationLandscapeLeft UIInterfaceOrientationLandscapeRight UIInterfaceOrientationPortrait UIInterfaceOrientationPortraitUpsideDown";
				IPHONEOS_DEPLOYMENT_TARGET = 15.0;
				LD_RUNPATH_SEARCH_PATHS = (
					"$(inherited)",
					"@executable_path/Frameworks",
				);
				MARKETING_VERSION = 1.0;
				PRODUCT_BUNDLE_IDENTIFIER = com.iutsd.Running;
				PRODUCT_NAME = "$(TARGET_NAME)";
				SUPPORTED_PLATFORMS = "iphoneos iphonesimulator";
				SUPPORTS_MACCATALYST = NO;
				SUPPORTS_MAC_DESIGNED_FOR_IPHONE_IPAD = YES;
				SWIFT_EMIT_LOC_STRINGS = NO;
				SWIFT_VERSION = 5.0;
				TARGETED_DEVICE_FAMILY = 1;
			};
			name = Release;
		};
/* End XCBuildConfiguration section */

/* Begin XCConfigurationList section */
		997CA30129A294F300A586EE /* Build configuration list for PBXProject "Running" */ = {
			isa = XCConfigurationList;
			buildConfigurations = (
				997CA31229A294F400A586EE /* Debug */,
				997CA31329A294F400A586EE /* Release */,
			);
			defaultConfigurationIsVisible = 0;
			defaultConfigurationName = Release;
		};
		997CA31429A294F400A586EE /* Build configuration list for PBXNativeTarget "Running" */ = {
			isa = XCConfigurationList;
			buildConfigurations = (
				997CA31529A294F400A586EE /* Debug */,
				997CA31629A294F400A586EE /* Release */,
			);
			defaultConfigurationIsVisible = 0;
			defaultConfigurationName = Release;
		};
/* End XCConfigurationList section */
	};
	rootObject = 997CA2FE29A294F300A586EE /* Project object */;
}
